
Microsoft Visual Studio Solution File, Format Version 12.00
# Visual Studio Version 17
VisualStudioVersion = 17.12.0.0
MinimumVisualStudioVersion = 10.0.40219.1
Project("{2150E333-8FDC-42A3-9474-1A3956D46DE8}") = "src", "src", "{11111111-1111-1111-1111-111111111111}"
EndProject
Project("{2150E333-8FDC-42A3-9474-1A3956D46DE8}") = "BuildingBlocks", "BuildingBlocks", "{22222222-2222-2222-2222-222222222222}"
EndProject
Project("{2150E333-8FDC-42A3-9474-1A3956D46DE8}") = "Services", "Services", "{33333333-3333-3333-3333-333333333333}"
EndProject
Project("{2150E333-8FDC-42A3-9474-1A3956D46DE8}") = "tests", "tests", "{44444444-4444-4444-4444-444444444444}"
EndProject
Project("{2150E333-8FDC-42A3-9474-1A3956D46DE8}") = "Common", "Common", "{E029B2D5-13FC-1360-2FE6-C34A44C24CFA}"
EndProject
Project("{FAE04EC0-301F-11D3-BF4B-00C04F79EFBC}") = "DijitalAtolye.BuildingBlocks.Common", "src\BuildingBlocks\Common\DijitalAtolye.BuildingBlocks.Common.csproj", "{05F3A102-8A6C-4028-A487-9AB92E6258F1}"
EndProject
Project("{2150E333-8FDC-42A3-9474-1A3956D46DE8}") = "EventBus", "EventBus", "{FDF1DFE9-47FF-F235-CD49-3E893A58687A}"
EndProject
Project("{FAE04EC0-301F-11D3-BF4B-00C04F79EFBC}") = "DijitalAtolye.BuildingBlocks.EventBus", "src\BuildingBlocks\EventBus\DijitalAtolye.BuildingBlocks.EventBus.csproj", "{3AA79EF7-92EF-4673-8019-AA3FA3E49E1B}"
EndProject
Project("{2150E333-8FDC-42A3-9474-1A3956D46DE8}") = "Outbox", "Outbox", "{97B75ADA-E5E2-0BB4-8786-F227EECF21A1}"
EndProject
Project("{FAE04EC0-301F-11D3-BF4B-00C04F79EFBC}") = "DijitalAtolye.BuildingBlocks.Outbox", "src\BuildingBlocks\Outbox\DijitalAtolye.BuildingBlocks.Outbox.csproj", "{E578C148-1EA1-48F9-A668-8C77FBBDE078}"
EndProject
Project("{2150E333-8FDC-42A3-9474-1A3956D46DE8}") = "Authentication", "Authentication", "{E37E0551-0E7B-7462-4297-88D0439A13BD}"
EndProject
Project("{FAE04EC0-301F-11D3-BF4B-00C04F79EFBC}") = "DijitalAtolye.BuildingBlocks.Authentication", "src\BuildingBlocks\Authentication\DijitalAtolye.BuildingBlocks.Authentication.csproj", "{B65062D4-C751-40F7-A1A1-C753FF5AAB3D}"
EndProject
Project("{2150E333-8FDC-42A3-9474-1A3956D46DE8}") = "WebHostExtensions", "WebHostExtensions", "{2A8E4F44-390D-8F2B-1885-104FF78EEB87}"
EndProject
Project("{FAE04EC0-301F-11D3-BF4B-00C04F79EFBC}") = "DijitalAtolye.BuildingBlocks.WebHostExtensions", "src\BuildingBlocks\WebHostExtensions\DijitalAtolye.BuildingBlocks.WebHostExtensions.csproj", "{FB83E094-4ACC-4D1D-8BC4-8193C9F71A9F}"
EndProject
Project("{2150E333-8FDC-42A3-9474-1A3956D46DE8}") = "Identity", "Identity", "{C8A829D5-4B52-5FB6-76B8-1CD714886317}"
EndProject
Project("{FAE04EC0-301F-11D3-BF4B-00C04F79EFBC}") = "Identity.Domain", "src\Services\Identity\Identity.Domain\Identity.Domain.csproj", "{826515FA-64FC-4FAA-9F46-EB4463673540}"
EndProject
Project("{FAE04EC0-301F-11D3-BF4B-00C04F79EFBC}") = "Identity.Application", "src\Services\Identity\Identity.Application\Identity.Application.csproj", "{3296434E-F06E-471A-890E-E651A312731C}"
EndProject
Project("{FAE04EC0-301F-11D3-BF4B-00C04F79EFBC}") = "Identity.Infrastructure", "src\Services\Identity\Identity.Infrastructure\Identity.Infrastructure.csproj", "{2723C7C9-7385-4785-9483-AE2465355CBB}"
EndProject
Project("{FAE04EC0-301F-11D3-BF4B-00C04F79EFBC}") = "Identity.API", "src\Services\Identity\Identity.API\Identity.API.csproj", "{11F58C97-D158-4C52-B460-32EE89ACDAA6}"
EndProject
Project("{2150E333-8FDC-42A3-9474-1A3956D46DE8}") = "User", "User", "{7D3CB555-71C3-ABEA-DEBD-677E2853FCC8}"
EndProject
Project("{FAE04EC0-301F-11D3-BF4B-00C04F79EFBC}") = "User.API", "src\Services\User\User.API\User.API.csproj", "{3EBF68ED-5913-4EFD-AFBD-A535AB7D32FF}"
EndProject
Project("{2150E333-8FDC-42A3-9474-1A3956D46DE8}") = "Catalog", "Catalog", "{E2081207-08ED-6452-7015-AC6000647784}"
EndProject
Project("{FAE04EC0-301F-11D3-BF4B-00C04F79EFBC}") = "Catalog.API", "src\Services\Catalog\Catalog.API\Catalog.API.csproj", "{92C1B321-6E06-4220-953F-3D4D79AD5139}"
EndProject
Project("{2150E333-8FDC-42A3-9474-1A3956D46DE8}") = "Storage", "Storage", "{2C579E28-C502-E781-8240-D7088143E7BB}"
EndProject
Project("{FAE04EC0-301F-11D3-BF4B-00C04F79EFBC}") = "Storage.API", "src\Services\Storage\Storage.API\Storage.API.csproj", "{94AB72C1-CCA3-40F4-BBE8-1D7A231FAC03}"
EndProject
Project("{2150E333-8FDC-42A3-9474-1A3956D46DE8}") = "Content", "Content", "{22A9AB74-AAFE-2BBB-E673-F83A19F33FAF}"
EndProject
Project("{FAE04EC0-301F-11D3-BF4B-00C04F79EFBC}") = "Content.API", "src\Services\Content\Content.API\Content.API.csproj", "{C6C4C76E-F797-4A56-9C52-1CB02CF58870}"
EndProject
Project("{2150E333-8FDC-42A3-9474-1A3956D46DE8}") = "AIModeration", "AIModeration", "{1BC9A444-35BC-B919-F0E8-E6F94E0C2C17}"
EndProject
Project("{FAE04EC0-301F-11D3-BF4B-00C04F79EFBC}") = "AIModeration.API", "src\Services\AIModeration\AIModeration.API\AIModeration.API.csproj", "{FF5B7876-81BA-46F1-B77F-48106CF750A6}"
EndProject
Project("{2150E333-8FDC-42A3-9474-1A3956D46DE8}") = "Review", "Review", "{907AAFFA-556E-69D7-E614-894EDC940F64}"
EndProject
Project("{FAE04EC0-301F-11D3-BF4B-00C04F79EFBC}") = "Review.API", "src\Services\Review\Review.API\Review.API.csproj", "{7A98A29E-DBEE-43D0-9E7D-E2269F381A2A}"
EndProject
Project("{2150E333-8FDC-42A3-9474-1A3956D46DE8}") = "Notification", "Notification", "{E2A940FE-6281-AB8A-BB4A-FD07562D3818}"
EndProject
Project("{FAE04EC0-301F-11D3-BF4B-00C04F79EFBC}") = "Notification.API", "src\Services\Notification\Notification.API\Notification.API.csproj", "{4A16357A-4DA5-4552-AACB-A6DFD70F192F}"
EndProject
Project("{FAE04EC0-301F-11D3-BF4B-00C04F79EFBC}") = "ApiGateway", "src\ApiGateway\ApiGateway.csproj", "{125547DD-E6CA-45CE-8C1D-6B81CC641444}"
EndProject
Project("{2150E333-8FDC-42A3-9474-1A3956D46DE8}") = "Analytics", "Analytics", "{BB19F7AD-4BEE-F867-1395-F699F81C03A2}"
EndProject
Project("{FAE04EC0-301F-11D3-BF4B-00C04F79EFBC}") = "Analytics.API", "src\Services\Analytics\Analytics.API\Analytics.API.csproj", "{D5603749-EFD0-4B3E-AD1B-9B57237AF37B}"
EndProject
Project("{2150E333-8FDC-42A3-9474-1A3956D46DE8}") = "Search", "Search", "{B88029E5-1DC4-FE35-3A1F-B7F281854C17}"
EndProject
Project("{FAE04EC0-301F-11D3-BF4B-00C04F79EFBC}") = "Search.API", "src\Services\Search\Search.API\Search.API.csproj", "{05A3A068-799F-4B8A-B962-1662E4A7FE48}"
EndProject
Project("{2150E333-8FDC-42A3-9474-1A3956D46DE8}") = "Audit", "Audit", "{51AC4D41-0ACF-3A21-91D8-32711569DE69}"
EndProject
Project("{FAE04EC0-301F-11D3-BF4B-00C04F79EFBC}") = "DijitalAtolye.BuildingBlocks.Audit", "src\BuildingBlocks\Audit\DijitalAtolye.BuildingBlocks.Audit.csproj", "{0904D723-1A1F-49B6-A3A9-27E87349461B}"
EndProject
Project("{2150E333-8FDC-42A3-9474-1A3956D46DE8}") = "Admin", "Admin", "{BE88636E-6EAF-4059-2117-B06618F96AF1}"
EndProject
Project("{FAE04EC0-301F-11D3-BF4B-00C04F79EFBC}") = "Admin.API", "src\Services\Admin\Admin.API\Admin.API.csproj", "{5D7DC083-F9C4-447A-8499-75A5141571BF}"
EndProject
Project("{FAE04EC0-301F-11D3-BF4B-00C04F79EFBC}") = "BuildingBlocks.Tests", "tests\BuildingBlocks.Tests\BuildingBlocks.Tests.csproj", "{4E040920-6906-46E6-8167-F126BA5309B2}"
EndProject
Project("{FAE04EC0-301F-11D3-BF4B-00C04F79EFBC}") = "Content.Tests", "tests\Content.Tests\Content.Tests.csproj", "{C9887E09-A523-4521-98F2-DF8E2C2AA871}"
EndProject
Project("{FAE04EC0-301F-11D3-BF4B-00C04F79EFBC}") = "Identity.IntegrationTests", "tests\Identity.IntegrationTests\Identity.IntegrationTests.csproj", "{835A4A15-94DE-4757-9FFE-84A9A10A8B47}"
EndProject
Global
	GlobalSection(SolutionConfigurationPlatforms) = preSolution
		Debug|Any CPU = Debug|Any CPU
		Debug|x64 = Debug|x64
		Debug|x86 = Debug|x86
		Release|Any CPU = Release|Any CPU
		Release|x64 = Release|x64
		Release|x86 = Release|x86
	EndGlobalSection
	GlobalSection(ProjectConfigurationPlatforms) = postSolution
		{05F3A102-8A6C-4028-A487-9AB92E6258F1}.Debug|Any CPU.ActiveCfg = Debug|Any CPU
		{05F3A102-8A6C-4028-A487-9AB92E6258F1}.Debug|Any CPU.Build.0 = Debug|Any CPU
		{05F3A102-8A6C-4028-A487-9AB92E6258F1}.Debug|x64.ActiveCfg = Debug|Any CPU
		{05F3A102-8A6C-4028-A487-9AB92E6258F1}.Debug|x64.Build.0 = Debug|Any CPU
		{05F3A102-8A6C-4028-A487-9AB92E6258F1}.Debug|x86.ActiveCfg = Debug|Any CPU
		{05F3A102-8A6C-4028-A487-9AB92E6258F1}.Debug|x86.Build.0 = Debug|Any CPU
		{05F3A102-8A6C-4028-A487-9AB92E6258F1}.Release|Any CPU.ActiveCfg = Release|Any CPU
		{05F3A102-8A6C-4028-A487-9AB92E6258F1}.Release|Any CPU.Build.0 = Release|Any CPU
		{05F3A102-8A6C-4028-A487-9AB92E6258F1}.Release|x64.ActiveCfg = Release|Any CPU
		{05F3A102-8A6C-4028-A487-9AB92E6258F1}.Release|x64.Build.0 = Release|Any CPU
		{05F3A102-8A6C-4028-A487-9AB92E6258F1}.Release|x86.ActiveCfg = Release|Any CPU
		{05F3A102-8A6C-4028-A487-9AB92E6258F1}.Release|x86.Build.0 = Release|Any CPU
		{3AA79EF7-92EF-4673-8019-AA3FA3E49E1B}.Debug|Any CPU.ActiveCfg = Debug|Any CPU
		{3AA79EF7-92EF-4673-8019-AA3FA3E49E1B}.Debug|Any CPU.Build.0 = Debug|Any CPU
		{3AA79EF7-92EF-4673-8019-AA3FA3E49E1B}.Debug|x64.ActiveCfg = Debug|Any CPU
		{3AA79EF7-92EF-4673-8019-AA3FA3E49E1B}.Debug|x64.Build.0 = Debug|Any CPU
		{3AA79EF7-92EF-4673-8019-AA3FA3E49E1B}.Debug|x86.ActiveCfg = Debug|Any CPU
		{3AA79EF7-92EF-4673-8019-AA3FA3E49E1B}.Debug|x86.Build.0 = Debug|Any CPU
		{3AA79EF7-92EF-4673-8019-AA3FA3E49E1B}.Release|Any CPU.ActiveCfg = Release|Any CPU
		{3AA79EF7-92EF-4673-8019-AA3FA3E49E1B}.Release|Any CPU.Build.0 = Release|Any CPU
		{3AA79EF7-92EF-4673-8019-AA3FA3E49E1B}.Release|x64.ActiveCfg = Release|Any CPU
		{3AA79EF7-92EF-4673-8019-AA3FA3E49E1B}.Release|x64.Build.0 = Release|Any CPU
		{3AA79EF7-92EF-4673-8019-AA3FA3E49E1B}.Release|x86.ActiveCfg = Release|Any CPU
		{3AA79EF7-92EF-4673-8019-AA3FA3E49E1B}.Release|x86.Build.0 = Release|Any CPU
		{E578C148-1EA1-48F9-A668-8C77FBBDE078}.Debug|Any CPU.ActiveCfg = Debug|Any CPU
		{E578C148-1EA1-48F9-A668-8C77FBBDE078}.Debug|Any CPU.Build.0 = Debug|Any CPU
		{E578C148-1EA1-48F9-A668-8C77FBBDE078}.Debug|x64.ActiveCfg = Debug|Any CPU
		{E578C148-1EA1-48F9-A668-8C77FBBDE078}.Debug|x64.Build.0 = Debug|Any CPU
		{E578C148-1EA1-48F9-A668-8C77FBBDE078}.Debug|x86.ActiveCfg = Debug|Any CPU
		{E578C148-1EA1-48F9-A668-8C77FBBDE078}.Debug|x86.Build.0 = Debug|Any CPU
		{E578C148-1EA1-48F9-A668-8C77FBBDE078}.Release|Any CPU.ActiveCfg = Release|Any CPU
		{E578C148-1EA1-48F9-A668-8C77FBBDE078}.Release|Any CPU.Build.0 = Release|Any CPU
		{E578C148-1EA1-48F9-A668-8C77FBBDE078}.Release|x64.ActiveCfg = Release|Any CPU
		{E578C148-1EA1-48F9-A668-8C77FBBDE078}.Release|x64.Build.0 = Release|Any CPU
		{E578C148-1EA1-48F9-A668-8C77FBBDE078}.Release|x86.ActiveCfg = Release|Any CPU
		{E578C148-1EA1-48F9-A668-8C77FBBDE078}.Release|x86.Build.0 = Release|Any CPU
		{B65062D4-C751-40F7-A1A1-C753FF5AAB3D}.Debug|Any CPU.ActiveCfg = Debug|Any CPU
		{B65062D4-C751-40F7-A1A1-C753FF5AAB3D}.Debug|Any CPU.Build.0 = Debug|Any CPU
		{B65062D4-C751-40F7-A1A1-C753FF5AAB3D}.Debug|x64.ActiveCfg = Debug|Any CPU
		{B65062D4-C751-40F7-A1A1-C753FF5AAB3D}.Debug|x64.Build.0 = Debug|Any CPU
		{B65062D4-C751-40F7-A1A1-C753FF5AAB3D}.Debug|x86.ActiveCfg = Debug|Any CPU
		{B65062D4-C751-40F7-A1A1-C753FF5AAB3D}.Debug|x86.Build.0 = Debug|Any CPU
		{B65062D4-C751-40F7-A1A1-C753FF5AAB3D}.Release|Any CPU.ActiveCfg = Release|Any CPU
		{B65062D4-C751-40F7-A1A1-C753FF5AAB3D}.Release|Any CPU.Build.0 = Release|Any CPU
		{B65062D4-C751-40F7-A1A1-C753FF5AAB3D}.Release|x64.ActiveCfg = Release|Any CPU
		{B65062D4-C751-40F7-A1A1-C753FF5AAB3D}.Release|x64.Build.0 = Release|Any CPU
		{B65062D4-C751-40F7-A1A1-C753FF5AAB3D}.Release|x86.ActiveCfg = Release|Any CPU
		{B65062D4-C751-40F7-A1A1-C753FF5AAB3D}.Release|x86.Build.0 = Release|Any CPU
		{FB83E094-4ACC-4D1D-8BC4-8193C9F71A9F}.Debug|Any CPU.ActiveCfg = Debug|Any CPU
		{FB83E094-4ACC-4D1D-8BC4-8193C9F71A9F}.Debug|Any CPU.Build.0 = Debug|Any CPU
		{FB83E094-4ACC-4D1D-8BC4-8193C9F71A9F}.Debug|x64.ActiveCfg = Debug|Any CPU
		{FB83E094-4ACC-4D1D-8BC4-8193C9F71A9F}.Debug|x64.Build.0 = Debug|Any CPU
		{FB83E094-4ACC-4D1D-8BC4-8193C9F71A9F}.Debug|x86.ActiveCfg = Debug|Any CPU
		{FB83E094-4ACC-4D1D-8BC4-8193C9F71A9F}.Debug|x86.Build.0 = Debug|Any CPU
		{FB83E094-4ACC-4D1D-8BC4-8193C9F71A9F}.Release|Any CPU.ActiveCfg = Release|Any CPU
		{FB83E094-4ACC-4D1D-8BC4-8193C9F71A9F}.Release|Any CPU.Build.0 = Release|Any CPU
		{FB83E094-4ACC-4D1D-8BC4-8193C9F71A9F}.Release|x64.ActiveCfg = Release|Any CPU
		{FB83E094-4ACC-4D1D-8BC4-8193C9F71A9F}.Release|x64.Build.0 = Release|Any CPU
		{FB83E094-4ACC-4D1D-8BC4-8193C9F71A9F}.Release|x86.ActiveCfg = Release|Any CPU
		{FB83E094-4ACC-4D1D-8BC4-8193C9F71A9F}.Release|x86.Build.0 = Release|Any CPU
		{826515FA-64FC-4FAA-9F46-EB4463673540}.Debug|Any CPU.ActiveCfg = Debug|Any CPU
		{826515FA-64FC-4FAA-9F46-EB4463673540}.Debug|Any CPU.Build.0 = Debug|Any CPU
		{826515FA-64FC-4FAA-9F46-EB4463673540}.Debug|x64.ActiveCfg = Debug|Any CPU
		{826515FA-64FC-4FAA-9F46-EB4463673540}.Debug|x64.Build.0 = Debug|Any CPU
		{826515FA-64FC-4FAA-9F46-EB4463673540}.Debug|x86.ActiveCfg = Debug|Any CPU
		{826515FA-64FC-4FAA-9F46-EB4463673540}.Debug|x86.Build.0 = Debug|Any CPU
		{826515FA-64FC-4FAA-9F46-EB4463673540}.Release|Any CPU.ActiveCfg = Release|Any CPU
		{826515FA-64FC-4FAA-9F46-EB4463673540}.Release|Any CPU.Build.0 = Release|Any CPU
		{826515FA-64FC-4FAA-9F46-EB4463673540}.Release|x64.ActiveCfg = Release|Any CPU
		{826515FA-64FC-4FAA-9F46-EB4463673540}.Release|x64.Build.0 = Release|Any CPU
		{826515FA-64FC-4FAA-9F46-EB4463673540}.Release|x86.ActiveCfg = Release|Any CPU
		{826515FA-64FC-4FAA-9F46-EB4463673540}.Release|x86.Build.0 = Release|Any CPU
		{3296434E-F06E-471A-890E-E651A312731C}.Debug|Any CPU.ActiveCfg = Debug|Any CPU
		{3296434E-F06E-471A-890E-E651A312731C}.Debug|Any CPU.Build.0 = Debug|Any CPU
		{3296434E-F06E-471A-890E-E651A312731C}.Debug|x64.ActiveCfg = Debug|Any CPU
		{3296434E-F06E-471A-890E-E651A312731C}.Debug|x64.Build.0 = Debug|Any CPU
		{3296434E-F06E-471A-890E-E651A312731C}.Debug|x86.ActiveCfg = Debug|Any CPU
		{3296434E-F06E-471A-890E-E651A312731C}.Debug|x86.Build.0 = Debug|Any CPU
		{3296434E-F06E-471A-890E-E651A312731C}.Release|Any CPU.ActiveCfg = Release|Any CPU
		{3296434E-F06E-471A-890E-E651A312731C}.Release|Any CPU.Build.0 = Release|Any CPU
		{3296434E-F06E-471A-890E-E651A312731C}.Release|x64.ActiveCfg = Release|Any CPU
		{3296434E-F06E-471A-890E-E651A312731C}.Release|x64.Build.0 = Release|Any CPU
		{3296434E-F06E-471A-890E-E651A312731C}.Release|x86.ActiveCfg = Release|Any CPU
		{3296434E-F06E-471A-890E-E651A312731C}.Release|x86.Build.0 = Release|Any CPU
		{2723C7C9-7385-4785-9483-AE2465355CBB}.Debug|Any CPU.ActiveCfg = Debug|Any CPU
		{2723C7C9-7385-4785-9483-AE2465355CBB}.Debug|Any CPU.Build.0 = Debug|Any CPU
		{2723C7C9-7385-4785-9483-AE2465355CBB}.Debug|x64.ActiveCfg = Debug|Any CPU
		{2723C7C9-7385-4785-9483-AE2465355CBB}.Debug|x64.Build.0 = Debug|Any CPU
		{2723C7C9-7385-4785-9483-AE2465355CBB}.Debug|x86.ActiveCfg = Debug|Any CPU
		{2723C7C9-7385-4785-9483-AE2465355CBB}.Debug|x86.Build.0 = Debug|Any CPU
		{2723C7C9-7385-4785-9483-AE2465355CBB}.Release|Any CPU.ActiveCfg = Release|Any CPU
		{2723C7C9-7385-4785-9483-AE2465355CBB}.Release|Any CPU.Build.0 = Release|Any CPU
		{2723C7C9-7385-4785-9483-AE2465355CBB}.Release|x64.ActiveCfg = Release|Any CPU
		{2723C7C9-7385-4785-9483-AE2465355CBB}.Release|x64.Build.0 = Release|Any CPU
		{2723C7C9-7385-4785-9483-AE2465355CBB}.Release|x86.ActiveCfg = Release|Any CPU
		{2723C7C9-7385-4785-9483-AE2465355CBB}.Release|x86.Build.0 = Release|Any CPU
		{11F58C97-D158-4C52-B460-32EE89ACDAA6}.Debug|Any CPU.ActiveCfg = Debug|Any CPU
		{11F58C97-D158-4C52-B460-32EE89ACDAA6}.Debug|Any CPU.Build.0 = Debug|Any CPU
		{11F58C97-D158-4C52-B460-32EE89ACDAA6}.Debug|x64.ActiveCfg = Debug|Any CPU
		{11F58C97-D158-4C52-B460-32EE89ACDAA6}.Debug|x64.Build.0 = Debug|Any CPU
		{11F58C97-D158-4C52-B460-32EE89ACDAA6}.Debug|x86.ActiveCfg = Debug|Any CPU
		{11F58C97-D158-4C52-B460-32EE89ACDAA6}.Debug|x86.Build.0 = Debug|Any CPU
		{11F58C97-D158-4C52-B460-32EE89ACDAA6}.Release|Any CPU.ActiveCfg = Release|Any CPU
		{11F58C97-D158-4C52-B460-32EE89ACDAA6}.Release|Any CPU.Build.0 = Release|Any CPU
		{11F58C97-D158-4C52-B460-32EE89ACDAA6}.Release|x64.ActiveCfg = Release|Any CPU
		{11F58C97-D158-4C52-B460-32EE89ACDAA6}.Release|x64.Build.0 = Release|Any CPU
		{11F58C97-D158-4C52-B460-32EE89ACDAA6}.Release|x86.ActiveCfg = Release|Any CPU
		{11F58C97-D158-4C52-B460-32EE89ACDAA6}.Release|x86.Build.0 = Release|Any CPU
		{3EBF68ED-5913-4EFD-AFBD-A535AB7D32FF}.Debug|Any CPU.ActiveCfg = Debug|Any CPU
		{3EBF68ED-5913-4EFD-AFBD-A535AB7D32FF}.Debug|Any CPU.Build.0 = Debug|Any CPU
		{3EBF68ED-5913-4EFD-AFBD-A535AB7D32FF}.Debug|x64.ActiveCfg = Debug|Any CPU
		{3EBF68ED-5913-4EFD-AFBD-A535AB7D32FF}.Debug|x64.Build.0 = Debug|Any CPU
		{3EBF68ED-5913-4EFD-AFBD-A535AB7D32FF}.Debug|x86.ActiveCfg = Debug|Any CPU
		{3EBF68ED-5913-4EFD-AFBD-A535AB7D32FF}.Debug|x86.Build.0 = Debug|Any CPU
		{3EBF68ED-5913-4EFD-AFBD-A535AB7D32FF}.Release|Any CPU.ActiveCfg = Release|Any CPU
		{3EBF68ED-5913-4EFD-AFBD-A535AB7D32FF}.Release|Any CPU.Build.0 = Release|Any CPU
		{3EBF68ED-5913-4EFD-AFBD-A535AB7D32FF}.Release|x64.ActiveCfg = Release|Any CPU
		{3EBF68ED-5913-4EFD-AFBD-A535AB7D32FF}.Release|x64.Build.0 = Release|Any CPU
		{3EBF68ED-5913-4EFD-AFBD-A535AB7D32FF}.Release|x86.ActiveCfg = Release|Any CPU
		{3EBF68ED-5913-4EFD-AFBD-A535AB7D32FF}.Release|x86.Build.0 = Release|Any CPU
		{92C1B321-6E06-4220-953F-3D4D79AD5139}.Debug|Any CPU.ActiveCfg = Debug|Any CPU
		{92C1B321-6E06-4220-953F-3D4D79AD5139}.Debug|Any CPU.Build.0 = Debug|Any CPU
		{92C1B321-6E06-4220-953F-3D4D79AD5139}.Debug|x64.ActiveCfg = Debug|Any CPU
		{92C1B321-6E06-4220-953F-3D4D79AD5139}.Debug|x64.Build.0 = Debug|Any CPU
		{92C1B321-6E06-4220-953F-3D4D79AD5139}.Debug|x86.ActiveCfg = Debug|Any CPU
		{92C1B321-6E06-4220-953F-3D4D79AD5139}.Debug|x86.Build.0 = Debug|Any CPU
		{92C1B321-6E06-4220-953F-3D4D79AD5139}.Release|Any CPU.ActiveCfg = Release|Any CPU
		{92C1B321-6E06-4220-953F-3D4D79AD5139}.Release|Any CPU.Build.0 = Release|Any CPU
		{92C1B321-6E06-4220-953F-3D4D79AD5139}.Release|x64.ActiveCfg = Release|Any CPU
		{92C1B321-6E06-4220-953F-3D4D79AD5139}.Release|x64.Build.0 = Release|Any CPU
		{92C1B321-6E06-4220-953F-3D4D79AD5139}.Release|x86.ActiveCfg = Release|Any CPU
		{92C1B321-6E06-4220-953F-3D4D79AD5139}.Release|x86.Build.0 = Release|Any CPU
		{94AB72C1-CCA3-40F4-BBE8-1D7A231FAC03}.Debug|Any CPU.ActiveCfg = Debug|Any CPU
		{94AB72C1-CCA3-40F4-BBE8-1D7A231FAC03}.Debug|Any CPU.Build.0 = Debug|Any CPU
		{94AB72C1-CCA3-40F4-BBE8-1D7A231FAC03}.Debug|x64.ActiveCfg = Debug|Any CPU
		{94AB72C1-CCA3-40F4-BBE8-1D7A231FAC03}.Debug|x64.Build.0 = Debug|Any CPU
		{94AB72C1-CCA3-40F4-BBE8-1D7A231FAC03}.Debug|x86.ActiveCfg = Debug|Any CPU
		{94AB72C1-CCA3-40F4-BBE8-1D7A231FAC03}.Debug|x86.Build.0 = Debug|Any CPU
		{94AB72C1-CCA3-40F4-BBE8-1D7A231FAC03}.Release|Any CPU.ActiveCfg = Release|Any CPU
		{94AB72C1-CCA3-40F4-BBE8-1D7A231FAC03}.Release|Any CPU.Build.0 = Release|Any CPU
		{94AB72C1-CCA3-40F4-BBE8-1D7A231FAC03}.Release|x64.ActiveCfg = Release|Any CPU
		{94AB72C1-CCA3-40F4-BBE8-1D7A231FAC03}.Release|x64.Build.0 = Release|Any CPU
		{94AB72C1-CCA3-40F4-BBE8-1D7A231FAC03}.Release|x86.ActiveCfg = Release|Any CPU
		{94AB72C1-CCA3-40F4-BBE8-1D7A231FAC03}.Release|x86.Build.0 = Release|Any CPU
		{C6C4C76E-F797-4A56-9C52-1CB02CF58870}.Debug|Any CPU.ActiveCfg = Debug|Any CPU
		{C6C4C76E-F797-4A56-9C52-1CB02CF58870}.Debug|Any CPU.Build.0 = Debug|Any CPU
		{C6C4C76E-F797-4A56-9C52-1CB02CF58870}.Debug|x64.ActiveCfg = Debug|Any CPU
		{C6C4C76E-F797-4A56-9C52-1CB02CF58870}.Debug|x64.Build.0 = Debug|Any CPU
		{C6C4C76E-F797-4A56-9C52-1CB02CF58870}.Debug|x86.ActiveCfg = Debug|Any CPU
		{C6C4C76E-F797-4A56-9C52-1CB02CF58870}.Debug|x86.Build.0 = Debug|Any CPU
		{C6C4C76E-F797-4A56-9C52-1CB02CF58870}.Release|Any CPU.ActiveCfg = Release|Any CPU
		{C6C4C76E-F797-4A56-9C52-1CB02CF58870}.Release|Any CPU.Build.0 = Release|Any CPU
		{C6C4C76E-F797-4A56-9C52-1CB02CF58870}.Release|x64.ActiveCfg = Release|Any CPU
		{C6C4C76E-F797-4A56-9C52-1CB02CF58870}.Release|x64.Build.0 = Release|Any CPU
		{C6C4C76E-F797-4A56-9C52-1CB02CF58870}.Release|x86.ActiveCfg = Release|Any CPU
		{C6C4C76E-F797-4A56-9C52-1CB02CF58870}.Release|x86.Build.0 = Release|Any CPU
		{FF5B7876-81BA-46F1-B77F-48106CF750A6}.Debug|Any CPU.ActiveCfg = Debug|Any CPU
		{FF5B7876-81BA-46F1-B77F-48106CF750A6}.Debug|Any CPU.Build.0 = Debug|Any CPU
		{FF5B7876-81BA-46F1-B77F-48106CF750A6}.Debug|x64.ActiveCfg = Debug|Any CPU
		{FF5B7876-81BA-46F1-B77F-48106CF750A6}.Debug|x64.Build.0 = Debug|Any CPU
		{FF5B7876-81BA-46F1-B77F-48106CF750A6}.Debug|x86.ActiveCfg = Debug|Any CPU
		{FF5B7876-81BA-46F1-B77F-48106CF750A6}.Debug|x86.Build.0 = Debug|Any CPU
		{FF5B7876-81BA-46F1-B77F-48106CF750A6}.Release|Any CPU.ActiveCfg = Release|Any CPU
		{FF5B7876-81BA-46F1-B77F-48106CF750A6}.Release|Any CPU.Build.0 = Release|Any CPU
		{FF5B7876-81BA-46F1-B77F-48106CF750A6}.Release|x64.ActiveCfg = Release|Any CPU
		{FF5B7876-81BA-46F1-B77F-48106CF750A6}.Release|x64.Build.0 = Release|Any CPU
		{FF5B7876-81BA-46F1-B77F-48106CF750A6}.Release|x86.ActiveCfg = Release|Any CPU
		{FF5B7876-81BA-46F1-B77F-48106CF750A6}.Release|x86.Build.0 = Release|Any CPU
		{7A98A29E-DBEE-43D0-9E7D-E2269F381A2A}.Debug|Any CPU.ActiveCfg = Debug|Any CPU
		{7A98A29E-DBEE-43D0-9E7D-E2269F381A2A}.Debug|Any CPU.Build.0 = Debug|Any CPU
		{7A98A29E-DBEE-43D0-9E7D-E2269F381A2A}.Debug|x64.ActiveCfg = Debug|Any CPU
		{7A98A29E-DBEE-43D0-9E7D-E2269F381A2A}.Debug|x64.Build.0 = Debug|Any CPU
		{7A98A29E-DBEE-43D0-9E7D-E2269F381A2A}.Debug|x86.ActiveCfg = Debug|Any CPU
		{7A98A29E-DBEE-43D0-9E7D-E2269F381A2A}.Debug|x86.Build.0 = Debug|Any CPU
		{7A98A29E-DBEE-43D0-9E7D-E2269F381A2A}.Release|Any CPU.ActiveCfg = Release|Any CPU
		{7A98A29E-DBEE-43D0-9E7D-E2269F381A2A}.Release|Any CPU.Build.0 = Release|Any CPU
		{7A98A29E-DBEE-43D0-9E7D-E2269F381A2A}.Release|x64.ActiveCfg = Release|Any CPU
		{7A98A29E-DBEE-43D0-9E7D-E2269F381A2A}.Release|x64.Build.0 = Release|Any CPU
		{7A98A29E-DBEE-43D0-9E7D-E2269F381A2A}.Release|x86.ActiveCfg = Release|Any CPU
		{7A98A29E-DBEE-43D0-9E7D-E2269F381A2A}.Release|x86.Build.0 = Release|Any CPU
		{4A16357A-4DA5-4552-AACB-A6DFD70F192F}.Debug|Any CPU.ActiveCfg = Debug|Any CPU
		{4A16357A-4DA5-4552-AACB-A6DFD70F192F}.Debug|Any CPU.Build.0 = Debug|Any CPU
		{4A16357A-4DA5-4552-AACB-A6DFD70F192F}.Debug|x64.ActiveCfg = Debug|Any CPU
		{4A16357A-4DA5-4552-AACB-A6DFD70F192F}.Debug|x64.Build.0 = Debug|Any CPU
		{4A16357A-4DA5-4552-AACB-A6DFD70F192F}.Debug|x86.ActiveCfg = Debug|Any CPU
		{4A16357A-4DA5-4552-AACB-A6DFD70F192F}.Debug|x86.Build.0 = Debug|Any CPU
		{4A16357A-4DA5-4552-AACB-A6DFD70F192F}.Release|Any CPU.ActiveCfg = Release|Any CPU
		{4A16357A-4DA5-4552-AACB-A6DFD70F192F}.Release|Any CPU.Build.0 = Release|Any CPU
		{4A16357A-4DA5-4552-AACB-A6DFD70F192F}.Release|x64.ActiveCfg = Release|Any CPU
		{4A16357A-4DA5-4552-AACB-A6DFD70F192F}.Release|x64.Build.0 = Release|Any CPU
		{4A16357A-4DA5-4552-AACB-A6DFD70F192F}.Release|x86.ActiveCfg = Release|Any CPU
		{4A16357A-4DA5-4552-AACB-A6DFD70F192F}.Release|x86.Build.0 = Release|Any CPU
		{125547DD-E6CA-45CE-8C1D-6B81CC641444}.Debug|Any CPU.ActiveCfg = Debug|Any CPU
		{125547DD-E6CA-45CE-8C1D-6B81CC641444}.Debug|Any CPU.Build.0 = Debug|Any CPU
		{125547DD-E6CA-45CE-8C1D-6B81CC641444}.Debug|x64.ActiveCfg = Debug|Any CPU
		{125547DD-E6CA-45CE-8C1D-6B81CC641444}.Debug|x64.Build.0 = Debug|Any CPU
		{125547DD-E6CA-45CE-8C1D-6B81CC641444}.Debug|x86.ActiveCfg = Debug|Any CPU
		{125547DD-E6CA-45CE-8C1D-6B81CC641444}.Debug|x86.Build.0 = Debug|Any CPU
		{125547DD-E6CA-45CE-8C1D-6B81CC641444}.Release|Any CPU.ActiveCfg = Release|Any CPU
		{125547DD-E6CA-45CE-8C1D-6B81CC641444}.Release|Any CPU.Build.0 = Release|Any CPU
		{125547DD-E6CA-45CE-8C1D-6B81CC641444}.Release|x64.ActiveCfg = Release|Any CPU
		{125547DD-E6CA-45CE-8C1D-6B81CC641444}.Release|x64.Build.0 = Release|Any CPU
		{125547DD-E6CA-45CE-8C1D-6B81CC641444}.Release|x86.ActiveCfg = Release|Any CPU
		{125547DD-E6CA-45CE-8C1D-6B81CC641444}.Release|x86.Build.0 = Release|Any CPU
		{D5603749-EFD0-4B3E-AD1B-9B57237AF37B}.Debug|Any CPU.ActiveCfg = Debug|Any CPU
		{D5603749-EFD0-4B3E-AD1B-9B57237AF37B}.Debug|Any CPU.Build.0 = Debug|Any CPU
		{D5603749-EFD0-4B3E-AD1B-9B57237AF37B}.Debug|x64.ActiveCfg = Debug|Any CPU
		{D5603749-EFD0-4B3E-AD1B-9B57237AF37B}.Debug|x64.Build.0 = Debug|Any CPU
		{D5603749-EFD0-4B3E-AD1B-9B57237AF37B}.Debug|x86.ActiveCfg = Debug|Any CPU
		{D5603749-EFD0-4B3E-AD1B-9B57237AF37B}.Debug|x86.Build.0 = Debug|Any CPU
		{D5603749-EFD0-4B3E-AD1B-9B57237AF37B}.Release|Any CPU.ActiveCfg = Release|Any CPU
		{D5603749-EFD0-4B3E-AD1B-9B57237AF37B}.Release|Any CPU.Build.0 = Release|Any CPU
		{D5603749-EFD0-4B3E-AD1B-9B57237AF37B}.Release|x64.ActiveCfg = Release|Any CPU
		{D5603749-EFD0-4B3E-AD1B-9B57237AF37B}.Release|x64.Build.0 = Release|Any CPU
		{D5603749-EFD0-4B3E-AD1B-9B57237AF37B}.Release|x86.ActiveCfg = Release|Any CPU
		{D5603749-EFD0-4B3E-AD1B-9B57237AF37B}.Release|x86.Build.0 = Release|Any CPU
		{05A3A068-799F-4B8A-B962-1662E4A7FE48}.Debug|Any CPU.ActiveCfg = Debug|Any CPU
		{05A3A068-799F-4B8A-B962-1662E4A7FE48}.Debug|Any CPU.Build.0 = Debug|Any CPU
		{05A3A068-799F-4B8A-B962-1662E4A7FE48}.Debug|x64.ActiveCfg = Debug|Any CPU
		{05A3A068-799F-4B8A-B962-1662E4A7FE48}.Debug|x64.Build.0 = Debug|Any CPU
		{05A3A068-799F-4B8A-B962-1662E4A7FE48}.Debug|x86.ActiveCfg = Debug|Any CPU
		{05A3A068-799F-4B8A-B962-1662E4A7FE48}.Debug|x86.Build.0 = Debug|Any CPU
		{05A3A068-799F-4B8A-B962-1662E4A7FE48}.Release|Any CPU.ActiveCfg = Release|Any CPU
		{05A3A068-799F-4B8A-B962-1662E4A7FE48}.Release|Any CPU.Build.0 = Release|Any CPU
		{05A3A068-799F-4B8A-B962-1662E4A7FE48}.Release|x64.ActiveCfg = Release|Any CPU
		{05A3A068-799F-4B8A-B962-1662E4A7FE48}.Release|x64.Build.0 = Release|Any CPU
		{05A3A068-799F-4B8A-B962-1662E4A7FE48}.Release|x86.ActiveCfg = Release|Any CPU
		{05A3A068-799F-4B8A-B962-1662E4A7FE48}.Release|x86.Build.0 = Release|Any CPU
		{0904D723-1A1F-49B6-A3A9-27E87349461B}.Debug|Any CPU.ActiveCfg = Debug|Any CPU
		{0904D723-1A1F-49B6-A3A9-27E87349461B}.Debug|Any CPU.Build.0 = Debug|Any CPU
		{0904D723-1A1F-49B6-A3A9-27E87349461B}.Debug|x64.ActiveCfg = Debug|Any CPU
		{0904D723-1A1F-49B6-A3A9-27E87349461B}.Debug|x64.Build.0 = Debug|Any CPU
		{0904D723-1A1F-49B6-A3A9-27E87349461B}.Debug|x86.ActiveCfg = Debug|Any CPU
		{0904D723-1A1F-49B6-A3A9-27E87349461B}.Debug|x86.Build.0 = Debug|Any CPU
		{0904D723-1A1F-49B6-A3A9-27E87349461B}.Release|Any CPU.ActiveCfg = Release|Any CPU
		{0904D723-1A1F-49B6-A3A9-27E87349461B}.Release|Any CPU.Build.0 = Release|Any CPU
		{0904D723-1A1F-49B6-A3A9-27E87349461B}.Release|x64.ActiveCfg = Release|Any CPU
		{0904D723-1A1F-49B6-A3A9-27E87349461B}.Release|x64.Build.0 = Release|Any CPU
		{0904D723-1A1F-49B6-A3A9-27E87349461B}.Release|x86.ActiveCfg = Release|Any CPU
		{0904D723-1A1F-49B6-A3A9-27E87349461B}.Release|x86.Build.0 = Release|Any CPU
		{5D7DC083-F9C4-447A-8499-75A5141571BF}.Debug|Any CPU.ActiveCfg = Debug|Any CPU
		{5D7DC083-F9C4-447A-8499-75A5141571BF}.Debug|Any CPU.Build.0 = Debug|Any CPU
		{5D7DC083-F9C4-447A-8499-75A5141571BF}.Debug|x64.ActiveCfg = Debug|Any CPU
		{5D7DC083-F9C4-447A-8499-75A5141571BF}.Debug|x64.Build.0 = Debug|Any CPU
		{5D7DC083-F9C4-447A-8499-75A5141571BF}.Debug|x86.ActiveCfg = Debug|Any CPU
		{5D7DC083-F9C4-447A-8499-75A5141571BF}.Debug|x86.Build.0 = Debug|Any CPU
		{5D7DC083-F9C4-447A-8499-75A5141571BF}.Release|Any CPU.ActiveCfg = Release|Any CPU
		{5D7DC083-F9C4-447A-8499-75A5141571BF}.Release|Any CPU.Build.0 = Release|Any CPU
		{5D7DC083-F9C4-447A-8499-75A5141571BF}.Release|x64.ActiveCfg = Release|Any CPU
		{5D7DC083-F9C4-447A-8499-75A5141571BF}.Release|x64.Build.0 = Release|Any CPU
		{5D7DC083-F9C4-447A-8499-75A5141571BF}.Release|x86.ActiveCfg = Release|Any CPU
		{5D7DC083-F9C4-447A-8499-75A5141571BF}.Release|x86.Build.0 = Release|Any CPU
		{4E040920-6906-46E6-8167-F126BA5309B2}.Debug|Any CPU.ActiveCfg = Debug|Any CPU
		{4E040920-6906-46E6-8167-F126BA5309B2}.Debug|Any CPU.Build.0 = Debug|Any CPU
		{4E040920-6906-46E6-8167-F126BA5309B2}.Debug|x64.ActiveCfg = Debug|Any CPU
		{4E040920-6906-46E6-8167-F126BA5309B2}.Debug|x64.Build.0 = Debug|Any CPU
		{4E040920-6906-46E6-8167-F126BA5309B2}.Debug|x86.ActiveCfg = Debug|Any CPU
		{4E040920-6906-46E6-8167-F126BA5309B2}.Debug|x86.Build.0 = Debug|Any CPU
		{4E040920-6906-46E6-8167-F126BA5309B2}.Release|Any CPU.ActiveCfg = Release|Any CPU
		{4E040920-6906-46E6-8167-F126BA5309B2}.Release|Any CPU.Build.0 = Release|Any CPU
		{4E040920-6906-46E6-8167-F126BA5309B2}.Release|x64.ActiveCfg = Release|Any CPU
		{4E040920-6906-46E6-8167-F126BA5309B2}.Release|x64.Build.0 = Release|Any CPU
		{4E040920-6906-46E6-8167-F126BA5309B2}.Release|x86.ActiveCfg = Release|Any CPU
		{4E040920-6906-46E6-8167-F126BA5309B2}.Release|x86.Build.0 = Release|Any CPU
		{C9887E09-A523-4521-98F2-DF8E2C2AA871}.Debug|Any CPU.ActiveCfg = Debug|Any CPU
		{C9887E09-A523-4521-98F2-DF8E2C2AA871}.Debug|Any CPU.Build.0 = Debug|Any CPU
		{C9887E09-A523-4521-98F2-DF8E2C2AA871}.Debug|x64.ActiveCfg = Debug|Any CPU
		{C9887E09-A523-4521-98F2-DF8E2C2AA871}.Debug|x64.Build.0 = Debug|Any CPU
		{C9887E09-A523-4521-98F2-DF8E2C2AA871}.Debug|x86.ActiveCfg = Debug|Any CPU
		{C9887E09-A523-4521-98F2-DF8E2C2AA871}.Debug|x86.Build.0 = Debug|Any CPU
		{C9887E09-A523-4521-98F2-DF8E2C2AA871}.Release|Any CPU.ActiveCfg = Release|Any CPU
		{C9887E09-A523-4521-98F2-DF8E2C2AA871}.Release|Any CPU.Build.0 = Release|Any CPU
		{C9887E09-A523-4521-98F2-DF8E2C2AA871}.Release|x64.ActiveCfg = Release|Any CPU
		{C9887E09-A523-4521-98F2-DF8E2C2AA871}.Release|x64.Build.0 = Release|Any CPU
		{C9887E09-A523-4521-98F2-DF8E2C2AA871}.Release|x86.ActiveCfg = Release|Any CPU
		{C9887E09-A523-4521-98F2-DF8E2C2AA871}.Release|x86.Build.0 = Release|Any CPU
		{835A4A15-94DE-4757-9FFE-84A9A10A8B47}.Debug|Any CPU.ActiveCfg = Debug|Any CPU
		{835A4A15-94DE-4757-9FFE-84A9A10A8B47}.Debug|Any CPU.Build.0 = Debug|Any CPU
		{835A4A15-94DE-4757-9FFE-84A9A10A8B47}.Debug|x64.ActiveCfg = Debug|Any CPU
		{835A4A15-94DE-4757-9FFE-84A9A10A8B47}.Debug|x64.Build.0 = Debug|Any CPU
		{835A4A15-94DE-4757-9FFE-84A9A10A8B47}.Debug|x86.ActiveCfg = Debug|Any CPU
		{835A4A15-94DE-4757-9FFE-84A9A10A8B47}.Debug|x86.Build.0 = Debug|Any CPU
		{835A4A15-94DE-4757-9FFE-84A9A10A8B47}.Release|Any CPU.ActiveCfg = Release|Any CPU
		{835A4A15-94DE-4757-9FFE-84A9A10A8B47}.Release|Any CPU.Build.0 = Release|Any CPU
		{835A4A15-94DE-4757-9FFE-84A9A10A8B47}.Release|x64.ActiveCfg = Release|Any CPU
		{835A4A15-94DE-4757-9FFE-84A9A10A8B47}.Release|x64.Build.0 = Release|Any CPU
		{835A4A15-94DE-4757-9FFE-84A9A10A8B47}.Release|x86.ActiveCfg = Release|Any CPU
		{835A4A15-94DE-4757-9FFE-84A9A10A8B47}.Release|x86.Build.0 = Release|Any CPU
	EndGlobalSection
	GlobalSection(SolutionProperties) = preSolution
		HideSolutionNode = FALSE
	EndGlobalSection
	GlobalSection(NestedProjects) = preSolution
		{22222222-2222-2222-2222-222222222222} = {11111111-1111-1111-1111-111111111111}
		{33333333-3333-3333-3333-333333333333} = {11111111-1111-1111-1111-111111111111}
		{E029B2D5-13FC-1360-2FE6-C34A44C24CFA} = {22222222-2222-2222-2222-222222222222}
		{05F3A102-8A6C-4028-A487-9AB92E6258F1} = {E029B2D5-13FC-1360-2FE6-C34A44C24CFA}
		{FDF1DFE9-47FF-F235-CD49-3E893A58687A} = {22222222-2222-2222-2222-222222222222}
		{3AA79EF7-92EF-4673-8019-AA3FA3E49E1B} = {FDF1DFE9-47FF-F235-CD49-3E893A58687A}
		{97B75ADA-E5E2-0BB4-8786-F227EECF21A1} = {22222222-2222-2222-2222-222222222222}
		{E578C148-1EA1-48F9-A668-8C77FBBDE078} = {97B75ADA-E5E2-0BB4-8786-F227EECF21A1}
		{E37E0551-0E7B-7462-4297-88D0439A13BD} = {22222222-2222-2222-2222-222222222222}
		{B65062D4-C751-40F7-A1A1-C753FF5AAB3D} = {E37E0551-0E7B-7462-4297-88D0439A13BD}
		{2A8E4F44-390D-8F2B-1885-104FF78EEB87} = {22222222-2222-2222-2222-222222222222}
		{FB83E094-4ACC-4D1D-8BC4-8193C9F71A9F} = {2A8E4F44-390D-8F2B-1885-104FF78EEB87}
		{C8A829D5-4B52-5FB6-76B8-1CD714886317} = {33333333-3333-3333-3333-333333333333}
		{826515FA-64FC-4FAA-9F46-EB4463673540} = {C8A829D5-4B52-5FB6-76B8-1CD714886317}
		{3296434E-F06E-471A-890E-E651A312731C} = {C8A829D5-4B52-5FB6-76B8-1CD714886317}
		{2723C7C9-7385-4785-9483-AE2465355CBB} = {C8A829D5-4B52-5FB6-76B8-1CD714886317}
		{11F58C97-D158-4C52-B460-32EE89ACDAA6} = {C8A829D5-4B52-5FB6-76B8-1CD714886317}
		{7D3CB555-71C3-ABEA-DEBD-677E2853FCC8} = {33333333-3333-3333-3333-333333333333}
		{3EBF68ED-5913-4EFD-AFBD-A535AB7D32FF} = {7D3CB555-71C3-ABEA-DEBD-677E2853FCC8}
		{E2081207-08ED-6452-7015-AC6000647784} = {33333333-3333-3333-3333-333333333333}
		{92C1B321-6E06-4220-953F-3D4D79AD5139} = {E2081207-08ED-6452-7015-AC6000647784}
		{2C579E28-C502-E781-8240-D7088143E7BB} = {33333333-3333-3333-3333-333333333333}
		{94AB72C1-CCA3-40F4-BBE8-1D7A231FAC03} = {2C579E28-C502-E781-8240-D7088143E7BB}
		{22A9AB74-AAFE-2BBB-E673-F83A19F33FAF} = {33333333-3333-3333-3333-333333333333}
		{C6C4C76E-F797-4A56-9C52-1CB02CF58870} = {22A9AB74-AAFE-2BBB-E673-F83A19F33FAF}
		{1BC9A444-35BC-B919-F0E8-E6F94E0C2C17} = {33333333-3333-3333-3333-333333333333}
		{FF5B7876-81BA-46F1-B77F-48106CF750A6} = {1BC9A444-35BC-B919-F0E8-E6F94E0C2C17}
		{907AAFFA-556E-69D7-E614-894EDC940F64} = {33333333-3333-3333-3333-333333333333}
		{7A98A29E-DBEE-43D0-9E7D-E2269F381A2A} = {907AAFFA-556E-69D7-E614-894EDC940F64}
		{E2A940FE-6281-AB8A-BB4A-FD07562D3818} = {33333333-3333-3333-3333-333333333333}
		{4A16357A-4DA5-4552-AACB-A6DFD70F192F} = {E2A940FE-6281-AB8A-BB4A-FD07562D3818}
		{125547DD-E6CA-45CE-8C1D-6B81CC641444} = {11111111-1111-1111-1111-111111111111}
		{BB19F7AD-4BEE-F867-1395-F699F81C03A2} = {33333333-3333-3333-3333-333333333333}
		{D5603749-EFD0-4B3E-AD1B-9B57237AF37B} = {BB19F7AD-4BEE-F867-1395-F699F81C03A2}
		{B88029E5-1DC4-FE35-3A1F-B7F281854C17} = {33333333-3333-3333-3333-333333333333}
		{05A3A068-799F-4B8A-B962-1662E4A7FE48} = {B88029E5-1DC4-FE35-3A1F-B7F281854C17}
		{51AC4D41-0ACF-3A21-91D8-32711569DE69} = {22222222-2222-2222-2222-222222222222}
		{0904D723-1A1F-49B6-A3A9-27E87349461B} = {51AC4D41-0ACF-3A21-91D8-32711569DE69}
		{BE88636E-6EAF-4059-2117-B06618F96AF1} = {33333333-3333-3333-3333-333333333333}
		{5D7DC083-F9C4-447A-8499-75A5141571BF} = {BE88636E-6EAF-4059-2117-B06618F96AF1}
		{4E040920-6906-46E6-8167-F126BA5309B2} = {44444444-4444-4444-4444-444444444444}
		{C9887E09-A523-4521-98F2-DF8E2C2AA871} = {44444444-4444-4444-4444-444444444444}
		{835A4A15-94DE-4757-9FFE-84A9A10A8B47} = {44444444-4444-4444-4444-444444444444}
	EndGlobalSection
EndGlobal
